
Microsoft Visual Studio Solution File, Format Version 12.00
# Visual Studio Version 16
VisualStudioVersion = 16.0.31025.194
MinimumVisualStudioVersion = 10.0.40219.1
Project("{FAE04EC0-301F-11D3-BF4B-00C04F79EFBC}") = "1.Library", "1.Library\1.Library.csproj", "{4C150791-06D4-45BA-BE7E-459D31B2BFE3}"
EndProject
Global
	GlobalSection(SolutionConfigurationPlatforms) = preSolution
		Debug|Any CPU = Debug|Any CPU
		Release|Any CPU = Release|Any CPU
	EndGlobalSection
	GlobalSection(ProjectConfigurationPlatforms) = postSolution
		{4C150791-06D4-45BA-BE7E-459D31B2BFE3}.Debug|Any CPU.ActiveCfg = Debug|Any CPU
		{4C150791-06D4-45BA-BE7E-459D31B2BFE3}.Debug|Any CPU.Build.0 = Debug|Any CPU
		{4C150791-06D4-45BA-BE7E-459D31B2BFE3}.Release|Any CPU.ActiveCfg = Release|Any CPU
		{4C150791-06D4-45BA-BE7E-459D31B2BFE3}.Release|Any CPU.Build.0 = Release|Any CPU
	EndGlobalSection
	GlobalSection(SolutionProperties) = preSolution
		HideSolutionNode = FALSE
	EndGlobalSection
	GlobalSection(ExtensibilityGlobals) = postSolution
		SolutionGuid = {92016036-1285-4E76-8A6C-8BD9659ACE88}
	EndGlobalSection
EndGlobal
