
Microsoft Visual Studio Solution File, Format Version 12.00
# Visual Studio Version 16
VisualStudioVersion = 16.0.30611.23
MinimumVisualStudioVersion = 10.0.40219.1
Project("{FAE04EC0-301F-11D3-BF4B-00C04F79EFBC}") = "01.SumAjust", "01.SumAjust\01.SumAjust.csproj", "{570FABC4-B3E1-4436-9B5A-C27F63508D9C}"
EndProject
Project("{FAE04EC0-301F-11D3-BF4B-00C04F79EFBC}") = "02.gTrick", "02.gTrick\02.gTrick.csproj", "{277D3FDC-A02E-41EB-963D-594DBBCADD58}"
EndProject
Project("{FAE04EC0-301F-11D3-BF4B-00C04F79EFBC}") = "03. MergingLists", "03. MergingLists\03. MergingLists.csproj", "{521914AC-49E9-4687-B10F-C741D0E4EF4E}"
EndProject
Project("{FAE04EC0-301F-11D3-BF4B-00C04F79EFBC}") = "05.RemoveNegative", "05.RemoveNegative\05.RemoveNegative.csproj", "{578A0662-D559-4332-BC5E-A18DD55B1C11}"
EndProject
Project("{FAE04EC0-301F-11D3-BF4B-00C04F79EFBC}") = "07.ListManipulation", "07.ListManipulation\07.ListManipulation.csproj", "{C0BAA067-BBAE-4DFA-9681-9C6D5075E88E}"
EndProject
Global
	GlobalSection(SolutionConfigurationPlatforms) = preSolution
		Debug|Any CPU = Debug|Any CPU
		Release|Any CPU = Release|Any CPU
	EndGlobalSection
	GlobalSection(ProjectConfigurationPlatforms) = postSolution
		{570FABC4-B3E1-4436-9B5A-C27F63508D9C}.Debug|Any CPU.ActiveCfg = Debug|Any CPU
		{570FABC4-B3E1-4436-9B5A-C27F63508D9C}.Debug|Any CPU.Build.0 = Debug|Any CPU
		{570FABC4-B3E1-4436-9B5A-C27F63508D9C}.Release|Any CPU.ActiveCfg = Release|Any CPU
		{570FABC4-B3E1-4436-9B5A-C27F63508D9C}.Release|Any CPU.Build.0 = Release|Any CPU
		{277D3FDC-A02E-41EB-963D-594DBBCADD58}.Debug|Any CPU.ActiveCfg = Debug|Any CPU
		{277D3FDC-A02E-41EB-963D-594DBBCADD58}.Debug|Any CPU.Build.0 = Debug|Any CPU
		{277D3FDC-A02E-41EB-963D-594DBBCADD58}.Release|Any CPU.ActiveCfg = Release|Any CPU
		{277D3FDC-A02E-41EB-963D-594DBBCADD58}.Release|Any CPU.Build.0 = Release|Any CPU
		{521914AC-49E9-4687-B10F-C741D0E4EF4E}.Debug|Any CPU.ActiveCfg = Debug|Any CPU
		{521914AC-49E9-4687-B10F-C741D0E4EF4E}.Debug|Any CPU.Build.0 = Debug|Any CPU
		{521914AC-49E9-4687-B10F-C741D0E4EF4E}.Release|Any CPU.ActiveCfg = Release|Any CPU
		{521914AC-49E9-4687-B10F-C741D0E4EF4E}.Release|Any CPU.Build.0 = Release|Any CPU
		{578A0662-D559-4332-BC5E-A18DD55B1C11}.Debug|Any CPU.ActiveCfg = Debug|Any CPU
		{578A0662-D559-4332-BC5E-A18DD55B1C11}.Debug|Any CPU.Build.0 = Debug|Any CPU
		{578A0662-D559-4332-BC5E-A18DD55B1C11}.Release|Any CPU.ActiveCfg = Release|Any CPU
		{578A0662-D559-4332-BC5E-A18DD55B1C11}.Release|Any CPU.Build.0 = Release|Any CPU
		{C0BAA067-BBAE-4DFA-9681-9C6D5075E88E}.Debug|Any CPU.ActiveCfg = Debug|Any CPU
		{C0BAA067-BBAE-4DFA-9681-9C6D5075E88E}.Debug|Any CPU.Build.0 = Debug|Any CPU
		{C0BAA067-BBAE-4DFA-9681-9C6D5075E88E}.Release|Any CPU.ActiveCfg = Release|Any CPU
		{C0BAA067-BBAE-4DFA-9681-9C6D5075E88E}.Release|Any CPU.Build.0 = Release|Any CPU
	EndGlobalSection
	GlobalSection(SolutionProperties) = preSolution
		HideSolutionNode = FALSE
	EndGlobalSection
	GlobalSection(ExtensibilityGlobals) = postSolution
		SolutionGuid = {9E22324B-5F3A-4772-93F1-DF4F00AF9A03}
	EndGlobalSection
EndGlobal
