
Microsoft Visual Studio Solution File, Format Version 12.00
# Visual Studio Version 16
VisualStudioVersion = 16.0.30225.117
MinimumVisualStudioVersion = 10.0.40219.1
Project("{FAE04EC0-301F-11D3-BF4B-00C04F79EFBC}") = "Problem 1", "Problem 1\Problem 1.csproj", "{F4FF2EA0-4170-450B-9618-11ADC757FACF}"
EndProject
Project("{FAE04EC0-301F-11D3-BF4B-00C04F79EFBC}") = "Problem 2", "Problem 2\Problem 2.csproj", "{B6C957BE-94CE-48B2-9CC9-F09B491E2589}"
EndProject
Project("{FAE04EC0-301F-11D3-BF4B-00C04F79EFBC}") = "Problem 3", "Problem 3\Problem 3.csproj", "{0C668EFF-139B-40D7-9C55-725DC67E3E8E}"
EndProject
Project("{FAE04EC0-301F-11D3-BF4B-00C04F79EFBC}") = "Problem 4", "Problem 4\Problem 4.csproj", "{55F205D7-E17A-4C8A-B37D-54AEEE26C58B}"
EndProject
Global
	GlobalSection(SolutionConfigurationPlatforms) = preSolution
		Debug|Any CPU = Debug|Any CPU
		Release|Any CPU = Release|Any CPU
	EndGlobalSection
	GlobalSection(ProjectConfigurationPlatforms) = postSolution
		{F4FF2EA0-4170-450B-9618-11ADC757FACF}.Debug|Any CPU.ActiveCfg = Debug|Any CPU
		{F4FF2EA0-4170-450B-9618-11ADC757FACF}.Debug|Any CPU.Build.0 = Debug|Any CPU
		{F4FF2EA0-4170-450B-9618-11ADC757FACF}.Release|Any CPU.ActiveCfg = Release|Any CPU
		{F4FF2EA0-4170-450B-9618-11ADC757FACF}.Release|Any CPU.Build.0 = Release|Any CPU
		{B6C957BE-94CE-48B2-9CC9-F09B491E2589}.Debug|Any CPU.ActiveCfg = Debug|Any CPU
		{B6C957BE-94CE-48B2-9CC9-F09B491E2589}.Debug|Any CPU.Build.0 = Debug|Any CPU
		{B6C957BE-94CE-48B2-9CC9-F09B491E2589}.Release|Any CPU.ActiveCfg = Release|Any CPU
		{B6C957BE-94CE-48B2-9CC9-F09B491E2589}.Release|Any CPU.Build.0 = Release|Any CPU
		{0C668EFF-139B-40D7-9C55-725DC67E3E8E}.Debug|Any CPU.ActiveCfg = Debug|Any CPU
		{0C668EFF-139B-40D7-9C55-725DC67E3E8E}.Debug|Any CPU.Build.0 = Debug|Any CPU
		{0C668EFF-139B-40D7-9C55-725DC67E3E8E}.Release|Any CPU.ActiveCfg = Release|Any CPU
		{0C668EFF-139B-40D7-9C55-725DC67E3E8E}.Release|Any CPU.Build.0 = Release|Any CPU
		{55F205D7-E17A-4C8A-B37D-54AEEE26C58B}.Debug|Any CPU.ActiveCfg = Debug|Any CPU
		{55F205D7-E17A-4C8A-B37D-54AEEE26C58B}.Debug|Any CPU.Build.0 = Debug|Any CPU
		{55F205D7-E17A-4C8A-B37D-54AEEE26C58B}.Release|Any CPU.ActiveCfg = Release|Any CPU
		{55F205D7-E17A-4C8A-B37D-54AEEE26C58B}.Release|Any CPU.Build.0 = Release|Any CPU
	EndGlobalSection
	GlobalSection(SolutionProperties) = preSolution
		HideSolutionNode = FALSE
	EndGlobalSection
	GlobalSection(ExtensibilityGlobals) = postSolution
		SolutionGuid = {7EDB287E-E933-4817-AF43-19AE8A63C9FE}
	EndGlobalSection
EndGlobal
