
Microsoft Visual Studio Solution File, Format Version 12.00
# Visual Studio Version 16
VisualStudioVersion = 16.0.31410.357
MinimumVisualStudioVersion = 10.0.40219.1
Project("{FAE04EC0-301F-11D3-BF4B-00C04F79EFBC}") = "P01_StudentSystem", "P01_StudentSystem\P01_StudentSystem.csproj", "{2BD7F114-0902-430E-B8F4-E703C05015AE}"
EndProject
Project("{FAE04EC0-301F-11D3-BF4B-00C04F79EFBC}") = "P03_FootballBetting", "P03_FootballBetting\P03_FootballBetting.csproj", "{1F7CDE09-B88E-4E25-AA59-8177677A75E1}"
EndProject
Global
	GlobalSection(SolutionConfigurationPlatforms) = preSolution
		Debug|Any CPU = Debug|Any CPU
		Release|Any CPU = Release|Any CPU
	EndGlobalSection
	GlobalSection(ProjectConfigurationPlatforms) = postSolution
		{2BD7F114-0902-430E-B8F4-E703C05015AE}.Debug|Any CPU.ActiveCfg = Debug|Any CPU
		{2BD7F114-0902-430E-B8F4-E703C05015AE}.Debug|Any CPU.Build.0 = Debug|Any CPU
		{2BD7F114-0902-430E-B8F4-E703C05015AE}.Release|Any CPU.ActiveCfg = Release|Any CPU
		{2BD7F114-0902-430E-B8F4-E703C05015AE}.Release|Any CPU.Build.0 = Release|Any CPU
		{1F7CDE09-B88E-4E25-AA59-8177677A75E1}.Debug|Any CPU.ActiveCfg = Debug|Any CPU
		{1F7CDE09-B88E-4E25-AA59-8177677A75E1}.Debug|Any CPU.Build.0 = Debug|Any CPU
		{1F7CDE09-B88E-4E25-AA59-8177677A75E1}.Release|Any CPU.ActiveCfg = Release|Any CPU
		{1F7CDE09-B88E-4E25-AA59-8177677A75E1}.Release|Any CPU.Build.0 = Release|Any CPU
	EndGlobalSection
	GlobalSection(SolutionProperties) = preSolution
		HideSolutionNode = FALSE
	EndGlobalSection
	GlobalSection(ExtensibilityGlobals) = postSolution
		SolutionGuid = {2795ADA6-14F3-4119-9B8A-99C2A6EA4322}
	EndGlobalSection
EndGlobal
