
Microsoft Visual Studio Solution File, Format Version 12.00
# Visual Studio Version 16
VisualStudioVersion = 16.0.30804.86
MinimumVisualStudioVersion = 10.0.40219.1
Project("{FAE04EC0-301F-11D3-BF4B-00C04F79EFBC}") = "1.StackOperationPop", "1.StackOperationPop\1.StackOperationPop.csproj", "{BF485C5D-C2F0-4D90-8042-9E576B5044A9}"
EndProject
Project("{FAE04EC0-301F-11D3-BF4B-00C04F79EFBC}") = "2.QueueOperationDeQueue", "2.QueueOperationDeQueue\2.QueueOperationDeQueue.csproj", "{7D1D7F57-9EF3-4FD6-96B6-39C9FADB9865}"
EndProject
Project("{FAE04EC0-301F-11D3-BF4B-00C04F79EFBC}") = "3.MaxMinElement", "3.MaxMinElement\3.MaxMinElement.csproj", "{C4F237D3-42FE-49FC-9ABD-53738ABD9B9D}"
EndProject
Project("{FAE04EC0-301F-11D3-BF4B-00C04F79EFBC}") = "4.FastFood", "4.FastFood\4.FastFood.csproj", "{C3FE337B-863E-45DA-8E97-38DA72938BAE}"
EndProject
Project("{FAE04EC0-301F-11D3-BF4B-00C04F79EFBC}") = "5.RacksNClothes", "5.RacksNClothes\5.RacksNClothes.csproj", "{8614F1DA-66A8-43D9-8115-57955207C938}"
EndProject
Project("{FAE04EC0-301F-11D3-BF4B-00C04F79EFBC}") = "6.Songs", "6.Songs\6.Songs.csproj", "{3BF73A9A-918C-4160-B71E-4085D657FE36}"
EndProject
Project("{FAE04EC0-301F-11D3-BF4B-00C04F79EFBC}") = "8.Pareneziiz", "8.Pareneziiz\8.Pareneziiz.csproj", "{A32A8ACA-1A43-4371-87B5-E9614C75C96F}"
EndProject
Project("{FAE04EC0-301F-11D3-BF4B-00C04F79EFBC}") = "9.Editor", "9.Editor\9.Editor.csproj", "{77BE2BE1-18E2-4B4C-8925-65F78656A46A}"
EndProject
Global
	GlobalSection(SolutionConfigurationPlatforms) = preSolution
		Debug|Any CPU = Debug|Any CPU
		Release|Any CPU = Release|Any CPU
	EndGlobalSection
	GlobalSection(ProjectConfigurationPlatforms) = postSolution
		{BF485C5D-C2F0-4D90-8042-9E576B5044A9}.Debug|Any CPU.ActiveCfg = Debug|Any CPU
		{BF485C5D-C2F0-4D90-8042-9E576B5044A9}.Debug|Any CPU.Build.0 = Debug|Any CPU
		{BF485C5D-C2F0-4D90-8042-9E576B5044A9}.Release|Any CPU.ActiveCfg = Release|Any CPU
		{BF485C5D-C2F0-4D90-8042-9E576B5044A9}.Release|Any CPU.Build.0 = Release|Any CPU
		{7D1D7F57-9EF3-4FD6-96B6-39C9FADB9865}.Debug|Any CPU.ActiveCfg = Debug|Any CPU
		{7D1D7F57-9EF3-4FD6-96B6-39C9FADB9865}.Debug|Any CPU.Build.0 = Debug|Any CPU
		{7D1D7F57-9EF3-4FD6-96B6-39C9FADB9865}.Release|Any CPU.ActiveCfg = Release|Any CPU
		{7D1D7F57-9EF3-4FD6-96B6-39C9FADB9865}.Release|Any CPU.Build.0 = Release|Any CPU
		{C4F237D3-42FE-49FC-9ABD-53738ABD9B9D}.Debug|Any CPU.ActiveCfg = Debug|Any CPU
		{C4F237D3-42FE-49FC-9ABD-53738ABD9B9D}.Debug|Any CPU.Build.0 = Debug|Any CPU
		{C4F237D3-42FE-49FC-9ABD-53738ABD9B9D}.Release|Any CPU.ActiveCfg = Release|Any CPU
		{C4F237D3-42FE-49FC-9ABD-53738ABD9B9D}.Release|Any CPU.Build.0 = Release|Any CPU
		{C3FE337B-863E-45DA-8E97-38DA72938BAE}.Debug|Any CPU.ActiveCfg = Debug|Any CPU
		{C3FE337B-863E-45DA-8E97-38DA72938BAE}.Debug|Any CPU.Build.0 = Debug|Any CPU
		{C3FE337B-863E-45DA-8E97-38DA72938BAE}.Release|Any CPU.ActiveCfg = Release|Any CPU
		{C3FE337B-863E-45DA-8E97-38DA72938BAE}.Release|Any CPU.Build.0 = Release|Any CPU
		{8614F1DA-66A8-43D9-8115-57955207C938}.Debug|Any CPU.ActiveCfg = Debug|Any CPU
		{8614F1DA-66A8-43D9-8115-57955207C938}.Debug|Any CPU.Build.0 = Debug|Any CPU
		{8614F1DA-66A8-43D9-8115-57955207C938}.Release|Any CPU.ActiveCfg = Release|Any CPU
		{8614F1DA-66A8-43D9-8115-57955207C938}.Release|Any CPU.Build.0 = Release|Any CPU
		{3BF73A9A-918C-4160-B71E-4085D657FE36}.Debug|Any CPU.ActiveCfg = Debug|Any CPU
		{3BF73A9A-918C-4160-B71E-4085D657FE36}.Debug|Any CPU.Build.0 = Debug|Any CPU
		{3BF73A9A-918C-4160-B71E-4085D657FE36}.Release|Any CPU.ActiveCfg = Release|Any CPU
		{3BF73A9A-918C-4160-B71E-4085D657FE36}.Release|Any CPU.Build.0 = Release|Any CPU
		{A32A8ACA-1A43-4371-87B5-E9614C75C96F}.Debug|Any CPU.ActiveCfg = Debug|Any CPU
		{A32A8ACA-1A43-4371-87B5-E9614C75C96F}.Debug|Any CPU.Build.0 = Debug|Any CPU
		{A32A8ACA-1A43-4371-87B5-E9614C75C96F}.Release|Any CPU.ActiveCfg = Release|Any CPU
		{A32A8ACA-1A43-4371-87B5-E9614C75C96F}.Release|Any CPU.Build.0 = Release|Any CPU
		{77BE2BE1-18E2-4B4C-8925-65F78656A46A}.Debug|Any CPU.ActiveCfg = Debug|Any CPU
		{77BE2BE1-18E2-4B4C-8925-65F78656A46A}.Debug|Any CPU.Build.0 = Debug|Any CPU
		{77BE2BE1-18E2-4B4C-8925-65F78656A46A}.Release|Any CPU.ActiveCfg = Release|Any CPU
		{77BE2BE1-18E2-4B4C-8925-65F78656A46A}.Release|Any CPU.Build.0 = Release|Any CPU
	EndGlobalSection
	GlobalSection(SolutionProperties) = preSolution
		HideSolutionNode = FALSE
	EndGlobalSection
	GlobalSection(ExtensibilityGlobals) = postSolution
		SolutionGuid = {B351058E-F6E7-42EC-A18C-5E167F7ECA7B}
	EndGlobalSection
EndGlobal
