
Microsoft Visual Studio Solution File, Format Version 12.00
# Visual Studio Version 16
VisualStudioVersion = 16.0.30804.86
MinimumVisualStudioVersion = 10.0.40219.1
Project("{9A19103F-16F7-4668-BE54-9A1E7A4F7556}") = "1.DefinePerson", "1.DefinePerson\1.DefinePerson.csproj", "{5EFB38E7-84D0-44B5-A190-2FAACF3CCA10}"
EndProject
Project("{9A19103F-16F7-4668-BE54-9A1E7A4F7556}") = "2.DateModifier", "2.DateModifier\2.DateModifier.csproj", "{676B225E-3B09-493A-9CDD-45219E35035B}"
EndProject
Project("{9A19103F-16F7-4668-BE54-9A1E7A4F7556}") = "6.Racing", "6.Racing\6.Racing.csproj", "{A72AA72E-2299-4401-80CB-5C1567595317}"
EndProject
Project("{FAE04EC0-301F-11D3-BF4B-00C04F79EFBC}") = "7.Cargo", "7.Cargo\7.Cargo.csproj", "{8531BA05-09CF-486D-9126-936A2CAF1226}"
EndProject
Project("{FAE04EC0-301F-11D3-BF4B-00C04F79EFBC}") = "8.CarSale", "8.CarSale\8.CarSale.csproj", "{04307E5C-8D70-4F0A-B193-7F46A05CF237}"
EndProject
Global
	GlobalSection(SolutionConfigurationPlatforms) = preSolution
		Debug|Any CPU = Debug|Any CPU
		Release|Any CPU = Release|Any CPU
	EndGlobalSection
	GlobalSection(ProjectConfigurationPlatforms) = postSolution
		{5EFB38E7-84D0-44B5-A190-2FAACF3CCA10}.Debug|Any CPU.ActiveCfg = Debug|Any CPU
		{5EFB38E7-84D0-44B5-A190-2FAACF3CCA10}.Debug|Any CPU.Build.0 = Debug|Any CPU
		{5EFB38E7-84D0-44B5-A190-2FAACF3CCA10}.Release|Any CPU.ActiveCfg = Release|Any CPU
		{5EFB38E7-84D0-44B5-A190-2FAACF3CCA10}.Release|Any CPU.Build.0 = Release|Any CPU
		{676B225E-3B09-493A-9CDD-45219E35035B}.Debug|Any CPU.ActiveCfg = Debug|Any CPU
		{676B225E-3B09-493A-9CDD-45219E35035B}.Debug|Any CPU.Build.0 = Debug|Any CPU
		{676B225E-3B09-493A-9CDD-45219E35035B}.Release|Any CPU.ActiveCfg = Release|Any CPU
		{676B225E-3B09-493A-9CDD-45219E35035B}.Release|Any CPU.Build.0 = Release|Any CPU
		{A72AA72E-2299-4401-80CB-5C1567595317}.Debug|Any CPU.ActiveCfg = Debug|Any CPU
		{A72AA72E-2299-4401-80CB-5C1567595317}.Debug|Any CPU.Build.0 = Debug|Any CPU
		{A72AA72E-2299-4401-80CB-5C1567595317}.Release|Any CPU.ActiveCfg = Release|Any CPU
		{A72AA72E-2299-4401-80CB-5C1567595317}.Release|Any CPU.Build.0 = Release|Any CPU
		{8531BA05-09CF-486D-9126-936A2CAF1226}.Debug|Any CPU.ActiveCfg = Debug|Any CPU
		{8531BA05-09CF-486D-9126-936A2CAF1226}.Debug|Any CPU.Build.0 = Debug|Any CPU
		{8531BA05-09CF-486D-9126-936A2CAF1226}.Release|Any CPU.ActiveCfg = Release|Any CPU
		{8531BA05-09CF-486D-9126-936A2CAF1226}.Release|Any CPU.Build.0 = Release|Any CPU
		{04307E5C-8D70-4F0A-B193-7F46A05CF237}.Debug|Any CPU.ActiveCfg = Debug|Any CPU
		{04307E5C-8D70-4F0A-B193-7F46A05CF237}.Debug|Any CPU.Build.0 = Debug|Any CPU
		{04307E5C-8D70-4F0A-B193-7F46A05CF237}.Release|Any CPU.ActiveCfg = Release|Any CPU
		{04307E5C-8D70-4F0A-B193-7F46A05CF237}.Release|Any CPU.Build.0 = Release|Any CPU
	EndGlobalSection
	GlobalSection(SolutionProperties) = preSolution
		HideSolutionNode = FALSE
	EndGlobalSection
	GlobalSection(ExtensibilityGlobals) = postSolution
		SolutionGuid = {CBF175CE-D267-4412-A6A8-906DB718D307}
	EndGlobalSection
EndGlobal
