
Microsoft Visual Studio Solution File, Format Version 12.00
# Visual Studio Version 16
VisualStudioVersion = 16.0.30804.86
MinimumVisualStudioVersion = 10.0.40219.1
Project("{FAE04EC0-301F-11D3-BF4B-00C04F79EFBC}") = "01.MatchFullName", "01.MatchFullName\01.MatchFullName.csproj", "{DE8DF271-BBB4-4675-8B99-FA580B90F9A9}"
EndProject
Project("{FAE04EC0-301F-11D3-BF4B-00C04F79EFBC}") = "02.MatchPhoneNumber", "02.MatchPhoneNumber\02.MatchPhoneNumber.csproj", "{2E699333-B8DA-48A0-B707-9E722796B944}"
EndProject
Project("{FAE04EC0-301F-11D3-BF4B-00C04F79EFBC}") = "03.MatchDates", "03.MatchDates\03.MatchDates.csproj", "{F42A43B7-9B01-404F-B252-10D6AF371C9A}"
EndProject
Global
	GlobalSection(SolutionConfigurationPlatforms) = preSolution
		Debug|Any CPU = Debug|Any CPU
		Release|Any CPU = Release|Any CPU
	EndGlobalSection
	GlobalSection(ProjectConfigurationPlatforms) = postSolution
		{DE8DF271-BBB4-4675-8B99-FA580B90F9A9}.Debug|Any CPU.ActiveCfg = Debug|Any CPU
		{DE8DF271-BBB4-4675-8B99-FA580B90F9A9}.Debug|Any CPU.Build.0 = Debug|Any CPU
		{DE8DF271-BBB4-4675-8B99-FA580B90F9A9}.Release|Any CPU.ActiveCfg = Release|Any CPU
		{DE8DF271-BBB4-4675-8B99-FA580B90F9A9}.Release|Any CPU.Build.0 = Release|Any CPU
		{2E699333-B8DA-48A0-B707-9E722796B944}.Debug|Any CPU.ActiveCfg = Debug|Any CPU
		{2E699333-B8DA-48A0-B707-9E722796B944}.Debug|Any CPU.Build.0 = Debug|Any CPU
		{2E699333-B8DA-48A0-B707-9E722796B944}.Release|Any CPU.ActiveCfg = Release|Any CPU
		{2E699333-B8DA-48A0-B707-9E722796B944}.Release|Any CPU.Build.0 = Release|Any CPU
		{F42A43B7-9B01-404F-B252-10D6AF371C9A}.Debug|Any CPU.ActiveCfg = Debug|Any CPU
		{F42A43B7-9B01-404F-B252-10D6AF371C9A}.Debug|Any CPU.Build.0 = Debug|Any CPU
		{F42A43B7-9B01-404F-B252-10D6AF371C9A}.Release|Any CPU.ActiveCfg = Release|Any CPU
		{F42A43B7-9B01-404F-B252-10D6AF371C9A}.Release|Any CPU.Build.0 = Release|Any CPU
	EndGlobalSection
	GlobalSection(SolutionProperties) = preSolution
		HideSolutionNode = FALSE
	EndGlobalSection
	GlobalSection(ExtensibilityGlobals) = postSolution
		SolutionGuid = {62013CD1-E0CC-4950-BF76-B5423E28B394}
	EndGlobalSection
EndGlobal
