
Microsoft Visual Studio Solution File, Format Version 12.00
# Visual Studio Version 17
VisualStudioVersion = 17.0.31919.166
MinimumVisualStudioVersion = 10.0.40219.1
Project("{FAE04EC0-301F-11D3-BF4B-00C04F79EFBC}") = "Agency Income", "Agency Income\Agency Income.csproj", "{23768981-33AE-47B9-AD39-0E9E805E7512}"
EndProject
Project("{FAE04EC0-301F-11D3-BF4B-00C04F79EFBC}") = "AddBags", "AddBags\AddBags.csproj", "{7B82373E-1E59-487E-A175-2EEF7265897C}"
EndProject
Project("{FAE04EC0-301F-11D3-BF4B-00C04F79EFBC}") = "Aluminum Joinery", "Aluminum Joinery\Aluminum Joinery.csproj", "{EAD96ECC-5A6C-4319-BF76-8BB744808F0E}"
EndProject
Global
	GlobalSection(SolutionConfigurationPlatforms) = preSolution
		Debug|Any CPU = Debug|Any CPU
		Release|Any CPU = Release|Any CPU
	EndGlobalSection
	GlobalSection(ProjectConfigurationPlatforms) = postSolution
		{23768981-33AE-47B9-AD39-0E9E805E7512}.Debug|Any CPU.ActiveCfg = Debug|Any CPU
		{23768981-33AE-47B9-AD39-0E9E805E7512}.Debug|Any CPU.Build.0 = Debug|Any CPU
		{23768981-33AE-47B9-AD39-0E9E805E7512}.Release|Any CPU.ActiveCfg = Release|Any CPU
		{23768981-33AE-47B9-AD39-0E9E805E7512}.Release|Any CPU.Build.0 = Release|Any CPU
		{7B82373E-1E59-487E-A175-2EEF7265897C}.Debug|Any CPU.ActiveCfg = Debug|Any CPU
		{7B82373E-1E59-487E-A175-2EEF7265897C}.Debug|Any CPU.Build.0 = Debug|Any CPU
		{7B82373E-1E59-487E-A175-2EEF7265897C}.Release|Any CPU.ActiveCfg = Release|Any CPU
		{7B82373E-1E59-487E-A175-2EEF7265897C}.Release|Any CPU.Build.0 = Release|Any CPU
		{EAD96ECC-5A6C-4319-BF76-8BB744808F0E}.Debug|Any CPU.ActiveCfg = Debug|Any CPU
		{EAD96ECC-5A6C-4319-BF76-8BB744808F0E}.Debug|Any CPU.Build.0 = Debug|Any CPU
		{EAD96ECC-5A6C-4319-BF76-8BB744808F0E}.Release|Any CPU.ActiveCfg = Release|Any CPU
		{EAD96ECC-5A6C-4319-BF76-8BB744808F0E}.Release|Any CPU.Build.0 = Release|Any CPU
	EndGlobalSection
	GlobalSection(SolutionProperties) = preSolution
		HideSolutionNode = FALSE
	EndGlobalSection
	GlobalSection(ExtensibilityGlobals) = postSolution
		SolutionGuid = {0465DA90-33AF-48A9-B4B1-79E078CD9E2B}
	EndGlobalSection
EndGlobal
