
Microsoft Visual Studio Solution File, Format Version 12.00
# Visual Studio Version 16
VisualStudioVersion = 16.0.31025.194
MinimumVisualStudioVersion = 10.0.40219.1
Project("{FAE04EC0-301F-11D3-BF4B-00C04F79EFBC}") = "1.Logger", "1.Logger\1.Logger.csproj", "{5F591C3F-94C9-47B1-8CF0-C7FCBE27C3FF}"
EndProject
Global
	GlobalSection(SolutionConfigurationPlatforms) = preSolution
		Debug|Any CPU = Debug|Any CPU
		Release|Any CPU = Release|Any CPU
	EndGlobalSection
	GlobalSection(ProjectConfigurationPlatforms) = postSolution
		{5F591C3F-94C9-47B1-8CF0-C7FCBE27C3FF}.Debug|Any CPU.ActiveCfg = Debug|Any CPU
		{5F591C3F-94C9-47B1-8CF0-C7FCBE27C3FF}.Debug|Any CPU.Build.0 = Debug|Any CPU
		{5F591C3F-94C9-47B1-8CF0-C7FCBE27C3FF}.Release|Any CPU.ActiveCfg = Release|Any CPU
		{5F591C3F-94C9-47B1-8CF0-C7FCBE27C3FF}.Release|Any CPU.Build.0 = Release|Any CPU
	EndGlobalSection
	GlobalSection(SolutionProperties) = preSolution
		HideSolutionNode = FALSE
	EndGlobalSection
	GlobalSection(ExtensibilityGlobals) = postSolution
		SolutionGuid = {4AA2F23D-169E-4511-B639-B1BCB8C0DFF9}
	EndGlobalSection
EndGlobal
