
Microsoft Visual Studio Solution File, Format Version 12.00
# Visual Studio Version 16
VisualStudioVersion = 16.0.31025.194
MinimumVisualStudioVersion = 10.0.40219.1
Project("{FAE04EC0-301F-11D3-BF4B-00C04F79EFBC}") = "1.MathOperation", "1.MathOperation\1.MathOperation.csproj", "{7F4C8713-64FF-45F2-99C0-71170D50BE66}"
EndProject
Project("{FAE04EC0-301F-11D3-BF4B-00C04F79EFBC}") = "2.Animals", "2.Animals\2.Animals.csproj", "{C1D01797-5D4A-4792-A5DC-43E074D6E39C}"
EndProject
Project("{FAE04EC0-301F-11D3-BF4B-00C04F79EFBC}") = "Shapes", "Shapes\Shapes.csproj", "{0F008629-DC39-4FB7-8CF6-A5338EA1DBBB}"
EndProject
Global
	GlobalSection(SolutionConfigurationPlatforms) = preSolution
		Debug|Any CPU = Debug|Any CPU
		Release|Any CPU = Release|Any CPU
	EndGlobalSection
	GlobalSection(ProjectConfigurationPlatforms) = postSolution
		{7F4C8713-64FF-45F2-99C0-71170D50BE66}.Debug|Any CPU.ActiveCfg = Debug|Any CPU
		{7F4C8713-64FF-45F2-99C0-71170D50BE66}.Debug|Any CPU.Build.0 = Debug|Any CPU
		{7F4C8713-64FF-45F2-99C0-71170D50BE66}.Release|Any CPU.ActiveCfg = Release|Any CPU
		{7F4C8713-64FF-45F2-99C0-71170D50BE66}.Release|Any CPU.Build.0 = Release|Any CPU
		{C1D01797-5D4A-4792-A5DC-43E074D6E39C}.Debug|Any CPU.ActiveCfg = Debug|Any CPU
		{C1D01797-5D4A-4792-A5DC-43E074D6E39C}.Debug|Any CPU.Build.0 = Debug|Any CPU
		{C1D01797-5D4A-4792-A5DC-43E074D6E39C}.Release|Any CPU.ActiveCfg = Release|Any CPU
		{C1D01797-5D4A-4792-A5DC-43E074D6E39C}.Release|Any CPU.Build.0 = Release|Any CPU
		{0F008629-DC39-4FB7-8CF6-A5338EA1DBBB}.Debug|Any CPU.ActiveCfg = Debug|Any CPU
		{0F008629-DC39-4FB7-8CF6-A5338EA1DBBB}.Debug|Any CPU.Build.0 = Debug|Any CPU
		{0F008629-DC39-4FB7-8CF6-A5338EA1DBBB}.Release|Any CPU.ActiveCfg = Release|Any CPU
		{0F008629-DC39-4FB7-8CF6-A5338EA1DBBB}.Release|Any CPU.Build.0 = Release|Any CPU
	EndGlobalSection
	GlobalSection(SolutionProperties) = preSolution
		HideSolutionNode = FALSE
	EndGlobalSection
	GlobalSection(ExtensibilityGlobals) = postSolution
		SolutionGuid = {A75DF3D0-2F5D-4A9E-B415-C388F69CB908}
	EndGlobalSection
EndGlobal
