
Microsoft Visual Studio Solution File, Format Version 12.00
# Visual Studio Version 16
VisualStudioVersion = 16.0.31025.194
MinimumVisualStudioVersion = 10.0.40219.1
Project("{9A19103F-16F7-4668-BE54-9A1E7A4F7556}") = "PersonAndCitrizen", "ConsoleApp15\PersonAndCitrizen.csproj", "{4D910EF5-920C-4358-8C30-A05FACE0AC54}"
EndProject
Project("{9A19103F-16F7-4668-BE54-9A1E7A4F7556}") = "3.Telephone", "3.Telephone\3.Telephone.csproj", "{EE3E36A0-B02B-4184-8C1A-DCA6DAC9AC34}"
EndProject
Project("{9A19103F-16F7-4668-BE54-9A1E7A4F7556}") = "4.BorderControl", "4.BorderControl\4.BorderControl.csproj", "{AD915A00-7934-4D0C-A480-DD3479AD6AE3}"
EndProject
Global
	GlobalSection(SolutionConfigurationPlatforms) = preSolution
		Debug|Any CPU = Debug|Any CPU
		Release|Any CPU = Release|Any CPU
	EndGlobalSection
	GlobalSection(ProjectConfigurationPlatforms) = postSolution
		{4D910EF5-920C-4358-8C30-A05FACE0AC54}.Debug|Any CPU.ActiveCfg = Debug|Any CPU
		{4D910EF5-920C-4358-8C30-A05FACE0AC54}.Debug|Any CPU.Build.0 = Debug|Any CPU
		{4D910EF5-920C-4358-8C30-A05FACE0AC54}.Release|Any CPU.ActiveCfg = Release|Any CPU
		{4D910EF5-920C-4358-8C30-A05FACE0AC54}.Release|Any CPU.Build.0 = Release|Any CPU
		{EE3E36A0-B02B-4184-8C1A-DCA6DAC9AC34}.Debug|Any CPU.ActiveCfg = Debug|Any CPU
		{EE3E36A0-B02B-4184-8C1A-DCA6DAC9AC34}.Debug|Any CPU.Build.0 = Debug|Any CPU
		{EE3E36A0-B02B-4184-8C1A-DCA6DAC9AC34}.Release|Any CPU.ActiveCfg = Release|Any CPU
		{EE3E36A0-B02B-4184-8C1A-DCA6DAC9AC34}.Release|Any CPU.Build.0 = Release|Any CPU
		{AD915A00-7934-4D0C-A480-DD3479AD6AE3}.Debug|Any CPU.ActiveCfg = Debug|Any CPU
		{AD915A00-7934-4D0C-A480-DD3479AD6AE3}.Debug|Any CPU.Build.0 = Debug|Any CPU
		{AD915A00-7934-4D0C-A480-DD3479AD6AE3}.Release|Any CPU.ActiveCfg = Release|Any CPU
		{AD915A00-7934-4D0C-A480-DD3479AD6AE3}.Release|Any CPU.Build.0 = Release|Any CPU
	EndGlobalSection
	GlobalSection(SolutionProperties) = preSolution
		HideSolutionNode = FALSE
	EndGlobalSection
	GlobalSection(ExtensibilityGlobals) = postSolution
		SolutionGuid = {9EA041E4-03CD-457D-A245-F58E46F2047A}
	EndGlobalSection
EndGlobal
